PODS:
  - AFNetworking (3.2.1):
    - AFNetworking/NSURLSession (= 3.2.1)
    - AFNetworking/Reachability (= 3.2.1)
    - AFNetworking/Security (= 3.2.1)
    - AFNetworking/Serialization (= 3.2.1)
    - AFNetworking/UIKit (= 3.2.1)
  - AFNetworking/NSURLSession (3.2.1):
    - AFNetworking/Reachability
    - AFNetworking/Security
    - AFNetworking/Serialization
  - AFNetworking/Reachability (3.2.1)
  - AFNetworking/Security (3.2.1)
  - AFNetworking/Serialization (3.2.1)
  - AFNetworking/UIKit (3.2.1):
    - AFNetworking/NSURLSession
  - CIMiniProgram (0.1.0):
    - CINetworking
  - CINetworking (0.1.5):
    - AFNetworking
  - FBSnapshotTestCase (2.1.4):
    - FBSnapshotTestCase/SwiftSupport (= 2.1.4)
  - FBSnapshotTestCase/Core (2.1.4)
  - FBSnapshotTestCase/SwiftSupport (2.1.4):
    - FBSnapshotTestCase/Core

DEPENDENCIES:
  - CIMiniProgram (from `../`)
  - FBSnapshotTestCase

SPEC REPOS:
  https://github.com/CocoaPods/Specs.git:
    - AFNetworking
  https://gitlab.oneitfarm.com/basemodule-ios/cibasemodulespec.git:
    - CINetworking
  trunk:
    - FBSnapshotTestCase

EXTERNAL SOURCES:
  CIMiniProgram:
    :path: "../"

SPEC CHECKSUMS:
  AFNetworking: b6f891fdfaed196b46c7a83cf209e09697b94057
  CIMiniProgram: 4271c0f78343a0fd4fda29862d7b38facc98223c
  CINetworking: a944634a2f176b9fcf244b71150a19bf68abc75b
  FBSnapshotTestCase: 094f9f314decbabe373b87cc339bea235a63e07a

PODFILE CHECKSUM: a088b15b526613cfe32761b9455dce3606f2f434

COCOAPODS: 1.9.1
